
Microsoft Visual Studio Solution File, Format Version 12.00
# Visual Studio Version 17
VisualStudioVersion = 17.10.35013.160
MinimumVisualStudioVersion = 10.0.40219.1
Project("{9A19103F-16F7-4668-BE54-9A1E7A4F7556}") = "HealthcareManagement", "HealthcareManagement\HealthcareManagement.csproj", "{D759C342-291B-4B0A-B07F-317D001CC7AE}"
EndProject
Project("{2150E333-8FDC-42A3-9474-1A3956D46DE8}") = "WebAPI", "WebAPI", "{A8CC237D-362D-48F2-9A15-4D529F0F1852}"
EndProject
Project("{2150E333-8FDC-42A3-9474-1A3956D46DE8}") = "Domain", "Domain", "{4CB8BAB0-F506-4E86-94B9-B2D154625C99}"
EndProject
Project("{2150E333-8FDC-42A3-9474-1A3956D46DE8}") = "Infrastructure", "Infrastructure", "{001509BA-246A-4B77-BAAF-8A982B3BF5B1}"
EndProject
Project("{2150E333-8FDC-42A3-9474-1A3956D46DE8}") = "Application", "Application", "{4D456F8E-99C6-4FEE-BABA-8FE63F34AFC2}"
EndProject
Project("{9A19103F-16F7-4668-BE54-9A1E7A4F7556}") = "Domain", "Domain\Domain.csproj", "{176F21A0-8C24-41D1-8546-7FE051A5B37B}"
EndProject
Project("{9A19103F-16F7-4668-BE54-9A1E7A4F7556}") = "Application", "Application\Application.csproj", "{6BD588F3-A188-40A7-B78D-44AFD4D677C0}"
EndProject
Project("{2150E333-8FDC-42A3-9474-1A3956D46DE8}") = "src", "src", "{ED1FB821-CBEA-4F37-8AD2-BD4294EB06EF}"
EndProject
Project("{2150E333-8FDC-42A3-9474-1A3956D46DE8}") = "test", "test", "{5D4238B2-77A5-4DB0-B37F-8ECF85AEADE5}"
EndProject
Project("{9A19103F-16F7-4668-BE54-9A1E7A4F7556}") = "Infrastructure", "Infrastructure\Infrastructure.csproj", "{C8F6D391-6BEE-4E99-BCA3-CACBF5242815}"
EndProject
Project("{2150E333-8FDC-42A3-9474-1A3956D46DE8}") = "Integration Tests", "Integration Tests", "{6593AF85-5A44-4FA3-872B-9AF4D1729DAD}"
EndProject
Project("{9A19103F-16F7-4668-BE54-9A1E7A4F7556}") = "HealthcareManagement.IntegrationTests", "HealthcareManagement.IntegrationTests\HealthcareManagement.IntegrationTests.csproj", "{6B0280AB-D992-46BF-8683-26FB28EE1865}"
EndProject
Project("{FAE04EC0-301F-11D3-BF4B-00C04F79EFBC}") = "Identity", "Identity\Identity.csproj", "{54DFD45C-9934-4E26-825C-60F649B13F33}"
EndProject
Project("{FAE04EC0-301F-11D3-BF4B-00C04F79EFBC}") = "Shared", "Shared\Shared.csproj", "{953D3446-B5B4-4E76-9EE5-D0719B7EE954}"
EndProject
Global
	GlobalSection(SolutionConfigurationPlatforms) = preSolution
		Debug|Any CPU = Debug|Any CPU
		Release|Any CPU = Release|Any CPU
	EndGlobalSection
	GlobalSection(ProjectConfigurationPlatforms) = postSolution
		{D759C342-291B-4B0A-B07F-317D001CC7AE}.Debug|Any CPU.ActiveCfg = Debug|Any CPU
		{D759C342-291B-4B0A-B07F-317D001CC7AE}.Debug|Any CPU.Build.0 = Debug|Any CPU
		{D759C342-291B-4B0A-B07F-317D001CC7AE}.Release|Any CPU.ActiveCfg = Release|Any CPU
		{D759C342-291B-4B0A-B07F-317D001CC7AE}.Release|Any CPU.Build.0 = Release|Any CPU
		{176F21A0-8C24-41D1-8546-7FE051A5B37B}.Debug|Any CPU.ActiveCfg = Debug|Any CPU
		{176F21A0-8C24-41D1-8546-7FE051A5B37B}.Debug|Any CPU.Build.0 = Debug|Any CPU
		{176F21A0-8C24-41D1-8546-7FE051A5B37B}.Release|Any CPU.ActiveCfg = Release|Any CPU
		{176F21A0-8C24-41D1-8546-7FE051A5B37B}.Release|Any CPU.Build.0 = Release|Any CPU
		{6BD588F3-A188-40A7-B78D-44AFD4D677C0}.Debug|Any CPU.ActiveCfg = Debug|Any CPU
		{6BD588F3-A188-40A7-B78D-44AFD4D677C0}.Debug|Any CPU.Build.0 = Debug|Any CPU
		{6BD588F3-A188-40A7-B78D-44AFD4D677C0}.Release|Any CPU.ActiveCfg = Release|Any CPU
		{6BD588F3-A188-40A7-B78D-44AFD4D677C0}.Release|Any CPU.Build.0 = Release|Any CPU
		{C8F6D391-6BEE-4E99-BCA3-CACBF5242815}.Debug|Any CPU.ActiveCfg = Debug|Any CPU
		{C8F6D391-6BEE-4E99-BCA3-CACBF5242815}.Debug|Any CPU.Build.0 = Debug|Any CPU
		{C8F6D391-6BEE-4E99-BCA3-CACBF5242815}.Release|Any CPU.ActiveCfg = Release|Any CPU
		{C8F6D391-6BEE-4E99-BCA3-CACBF5242815}.Release|Any CPU.Build.0 = Release|Any CPU
		{6B0280AB-D992-46BF-8683-26FB28EE1865}.Debug|Any CPU.ActiveCfg = Debug|Any CPU
		{6B0280AB-D992-46BF-8683-26FB28EE1865}.Debug|Any CPU.Build.0 = Debug|Any CPU
		{6B0280AB-D992-46BF-8683-26FB28EE1865}.Release|Any CPU.ActiveCfg = Release|Any CPU
		{6B0280AB-D992-46BF-8683-26FB28EE1865}.Release|Any CPU.Build.0 = Release|Any CPU
		{54DFD45C-9934-4E26-825C-60F649B13F33}.Debug|Any CPU.ActiveCfg = Debug|Any CPU
		{54DFD45C-9934-4E26-825C-60F649B13F33}.Debug|Any CPU.Build.0 = Debug|Any CPU
		{54DFD45C-9934-4E26-825C-60F649B13F33}.Release|Any CPU.ActiveCfg = Release|Any CPU
		{54DFD45C-9934-4E26-825C-60F649B13F33}.Release|Any CPU.Build.0 = Release|Any CPU
		{953D3446-B5B4-4E76-9EE5-D0719B7EE954}.Debug|Any CPU.ActiveCfg = Debug|Any CPU
		{953D3446-B5B4-4E76-9EE5-D0719B7EE954}.Debug|Any CPU.Build.0 = Debug|Any CPU
		{953D3446-B5B4-4E76-9EE5-D0719B7EE954}.Release|Any CPU.ActiveCfg = Release|Any CPU
		{953D3446-B5B4-4E76-9EE5-D0719B7EE954}.Release|Any CPU.Build.0 = Release|Any CPU
	EndGlobalSection
	GlobalSection(SolutionProperties) = preSolution
		HideSolutionNode = FALSE
	EndGlobalSection
	GlobalSection(NestedProjects) = preSolution
		{D759C342-291B-4B0A-B07F-317D001CC7AE} = {A8CC237D-362D-48F2-9A15-4D529F0F1852}
		{A8CC237D-362D-48F2-9A15-4D529F0F1852} = {ED1FB821-CBEA-4F37-8AD2-BD4294EB06EF}
		{4CB8BAB0-F506-4E86-94B9-B2D154625C99} = {ED1FB821-CBEA-4F37-8AD2-BD4294EB06EF}
		{001509BA-246A-4B77-BAAF-8A982B3BF5B1} = {ED1FB821-CBEA-4F37-8AD2-BD4294EB06EF}
		{4D456F8E-99C6-4FEE-BABA-8FE63F34AFC2} = {ED1FB821-CBEA-4F37-8AD2-BD4294EB06EF}
		{176F21A0-8C24-41D1-8546-7FE051A5B37B} = {4CB8BAB0-F506-4E86-94B9-B2D154625C99}
		{6BD588F3-A188-40A7-B78D-44AFD4D677C0} = {4D456F8E-99C6-4FEE-BABA-8FE63F34AFC2}
		{C8F6D391-6BEE-4E99-BCA3-CACBF5242815} = {001509BA-246A-4B77-BAAF-8A982B3BF5B1}
		{6593AF85-5A44-4FA3-872B-9AF4D1729DAD} = {5D4238B2-77A5-4DB0-B37F-8ECF85AEADE5}
		{6B0280AB-D992-46BF-8683-26FB28EE1865} = {6593AF85-5A44-4FA3-872B-9AF4D1729DAD}
		{54DFD45C-9934-4E26-825C-60F649B13F33} = {001509BA-246A-4B77-BAAF-8A982B3BF5B1}
		{953D3446-B5B4-4E76-9EE5-D0719B7EE954} = {001509BA-246A-4B77-BAAF-8A982B3BF5B1}
	EndGlobalSection
	GlobalSection(ExtensibilityGlobals) = postSolution
		SolutionGuid = {BB3B3E99-D761-4A7E-AA58-9A8A26F71205}
	EndGlobalSection
EndGlobal
